version = 1
revision = 2
requires-python = ">=3.10"

[[package]]
name = "confluent-kafka"
version = "2.11.0"
source = { registry = "https://pypi.org/simple" }
sdist = { url = "https://files.pythonhosted.org/packages/4a/72/4dcfb7842f6a99fa6fd07afd8097b06040c240fd0a70e90b336bf0608156/confluent_kafka-2.11.0.tar.gz", hash = "sha256:d95512838eebd42a4657ce891dfa32bcbc06906e3391b328de24f7731b0c2755", size = 224835, upload-time = "2025-07-03T17:35:44.962Z" }
wheels = [
    { url = "https://files.pythonhosted.org/packages/f8/55/9953d668ff816089acb2643049db7afe9721ac558124634220abdfd8bcd5/confluent_kafka-2.11.0-cp310-cp310-macosx_10_9_x86_64.whl", hash = "sha256:ae672723577775aba560da34e376ffa4a038ff3e07c8513920b81903f8f9c4e8", size = 3586126, upload-time = "2025-07-03T17:34:31.894Z" },
    { url = "https://files.pythonhosted.org/packages/9a/6a/53de27a41d195ef9f3bba3930d22325a6e973bc7fdf8cec8c5c7c26c71a5/confluent_kafka-2.11.0-cp310-cp310-macosx_11_0_arm64.whl", hash = "sha256:fc8346a55c4b3f4e4ed938243997e3223e0f00c93c48d52a86343943c0316a6c", size = 3114836, upload-time = "2025-07-03T17:34:35.103Z" },
    { url = "https://files.pythonhosted.org/packages/f6/4e/1a467e500b49928d4ae51d00b70f00d65f93f3eee4145d57b4a70269efde/confluent_kafka-2.11.0-cp310-cp310-manylinux_2_28_aarch64.whl", hash = "sha256:5dccc94019fbca33bcc49d993641b7145c448255206480a38eee452869653b33", size = 15365763, upload-time = "2025-07-03T17:34:37.279Z" },
    { url = "https://files.pythonhosted.org/packages/ec/a9/c64a7f7fa807518e0b5595397dc28c4db1100f843286fcb1dfc2f56d6c32/confluent_kafka-2.11.0-cp310-cp310-manylinux_2_28_x86_64.whl", hash = "sha256:a13398b5b6e025e710b3123c17db8dbc4db78c708916bb602211257fcd7f27c8", size = 3908350, upload-time = "2025-07-03T17:34:39.794Z" },
    { url = "https://files.pythonhosted.org/packages/c6/f9/3829417bcfe79894fff173fdb21749cd9a9f3f2499c1df1b72b5f57ae270/confluent_kafka-2.11.0-cp310-cp310-win_amd64.whl", hash = "sha256:08e0b0b7fb21ddd83801231f5f32b7e7ba4f7c9a7dee9034a1e36e6b6479143a", size = 4034426, upload-time = "2025-07-03T17:34:41.914Z" },
    { url = "https://files.pythonhosted.org/packages/84/d8/1ca8770a1a782f7ff0b66f8bc7f93cbe3a1c68d226ed13b32fe007451491/confluent_kafka-2.11.0-cp311-cp311-macosx_10_9_x86_64.whl", hash = "sha256:2f54f077904cc8541be03e16bee9bf37207c96e6bbd3c5b3d1b5fbd878e40580", size = 3585617, upload-time = "2025-07-03T17:34:43.524Z" },
    { url = "https://files.pythonhosted.org/packages/1d/79/53a5389d7b2775d071c87ae25e8494814ae98418d0ce4ee8acf82472ebd3/confluent_kafka-2.11.0-cp311-cp311-macosx_11_0_arm64.whl", hash = "sha256:455a368d35dc4444d4d8f442b5715e3b43310b60bb0f99837556830bd32defdf", size = 3114288, upload-time = "2025-07-03T17:34:45.51Z" },
    { url = "https://files.pythonhosted.org/packages/74/79/667ac97c47facccae28ded35aaac9212d7a0df594f6991585b4af7a6449e/confluent_kafka-2.11.0-cp311-cp311-manylinux_2_28_aarch64.whl", hash = "sha256:707d7a39755986605402dd308013e6a142b8a5105d51f863b17f4bc283f4ac85", size = 15365347, upload-time = "2025-07-03T17:34:47.754Z" },
    { url = "https://files.pythonhosted.org/packages/f1/c8/5aff13e7c85fe61c9eb3ee668f02bd405bc9c6e948d29ea2e569b388afbc/confluent_kafka-2.11.0-cp311-cp311-manylinux_2_28_x86_64.whl", hash = "sha256:655b5d3a90955dd4ee15e59d89f33b5eaae14e7122e9fecb93b4c03ef426ec97", size = 3907821, upload-time = "2025-07-03T17:34:49.767Z" },
    { url = "https://files.pythonhosted.org/packages/a4/a6/0f1db9ef4a5285a34a73ac411e74e7b9347d216472366a418359152b91c5/confluent_kafka-2.11.0-cp311-cp311-win_amd64.whl", hash = "sha256:6dc952c45108351b3995b85e23d99c2251a5160e3ed3d9a7768300d8c97eca56", size = 4034432, upload-time = "2025-07-03T17:34:51.48Z" },
    { url = "https://files.pythonhosted.org/packages/28/4c/87296e4684502cd2899638326be516efaa70cc497c528610834dc2b525f1/confluent_kafka-2.11.0-cp312-cp312-macosx_10_9_x86_64.whl", hash = "sha256:7ab9b40866d783cd410019b0380b0db815ac36ecf07be2be80a429e41d7caf98", size = 3591594, upload-time = "2025-07-03T17:34:53.547Z" },
    { url = "https://files.pythonhosted.org/packages/a8/3d/8214379a1d9da13462b5d0f64ddaf148923c4730ad50a33b221510ab0ca1/confluent_kafka-2.11.0-cp312-cp312-macosx_11_0_arm64.whl", hash = "sha256:70682b25b5ce835de54b6eb803a75e550a953e494fe348960ed8c534cb54ea50", size = 3119712, upload-time = "2025-07-03T17:34:55.175Z" },
    { url = "https://files.pythonhosted.org/packages/52/d9/e4135a375cd01c0eff5a54d6808e1853e702aceb41c7a1e9a29188a0c8f4/confluent_kafka-2.11.0-cp312-cp312-manylinux_2_28_aarch64.whl", hash = "sha256:80edbdf59d312772a4c5646807cb2a0b5f5a2c7f945df070aac1782a7790f432", size = 15369806, upload-time = "2025-07-03T17:34:58.433Z" },
    { url = "https://files.pythonhosted.org/packages/fc/d3/b3d151e46fe81b124d12f5abe81e399d5851cdc8d6ffdeef57bc5367bef3/confluent_kafka-2.11.0-cp312-cp312-manylinux_2_28_x86_64.whl", hash = "sha256:1ac35a551c8df8313695bff3e81dd8ef3d9041b0edc8827883ef8015819bc59c", size = 3912280, upload-time = "2025-07-03T17:35:01.354Z" },
    { url = "https://files.pythonhosted.org/packages/d4/c9/673a63367892a5935a00e683eb4c35b3d379715361798858aea541b20105/confluent_kafka-2.11.0-cp312-cp312-win_amd64.whl", hash = "sha256:be6273ae93a9076c28ccda39dacae98405af696c97bab02a8a78abd02fe3add4", size = 4035116, upload-time = "2025-07-03T17:35:03.509Z" },
    { url = "https://files.pythonhosted.org/packages/7c/1b/e7d6726d75a2222d3fecaa04e5d85aad954de65ddd6760959d09260b9208/confluent_kafka-2.11.0-cp313-cp313-macosx_13_0_arm64.whl", hash = "sha256:e58b263d8e02c54396e7159d2d6668c9e6f2e7faa06c40026df205ff81b6188e", size = 3124201, upload-time = "2025-07-03T17:35:05.668Z" },
    { url = "https://files.pythonhosted.org/packages/5f/d8/f60f5ef7e499093bca325ed8ae28583e68a55dfb423ede86bce6c33398a8/confluent_kafka-2.11.0-cp313-cp313-macosx_13_0_x86_64.whl", hash = "sha256:a29ac34c7dd3ab51c2e7cc16c37baed13369a487d7f953ff4e3a8fff08642969", size = 3594979, upload-time = "2025-07-03T17:35:09.218Z" },
    { url = "https://files.pythonhosted.org/packages/c6/e8/833c9f719ebb9f44435fb8ee45762f2553e50692b9a015768236a4f27c86/confluent_kafka-2.11.0-cp313-cp313-manylinux_2_28_aarch64.whl", hash = "sha256:2552147d0929db95ace291e460c652981721e0e437a074445fbafdcee8b6817c", size = 15370231, upload-time = "2025-07-03T17:35:11.455Z" },
    { url = "https://files.pythonhosted.org/packages/45/98/c6e56bdd8c5c7ac4acce4f28a367bcfee4b42eca45d461c40637a038c445/confluent_kafka-2.11.0-cp313-cp313-manylinux_2_28_x86_64.whl", hash = "sha256:ed0981e686bdc4ee86034113a750242fe1b405826bf4a553498bf558429188af", size = 3912654, upload-time = "2025-07-03T17:35:13.965Z" },
    { url = "https://files.pythonhosted.org/packages/1a/a6/a5efb07b25bdf47305ef21e27bbfa970d7b1083af5a3c7159a0379d658d2/confluent_kafka-2.11.0-cp313-cp313-win_amd64.whl", hash = "sha256:6d6ec6e791b1c97668ff0823dff1dc005ab418b353a430fede7b5cd6c5490497", size = 4094746, upload-time = "2025-07-03T17:35:15.677Z" },
    { url = "https://files.pythonhosted.org/packages/b2/11/0b5ef56d9d024ddb01a97ac36dbcd8c3105ae3ca76396429a64651e5b5dd/confluent_kafka-2.11.0-cp313-cp313t-manylinux_2_28_aarch64.whl", hash = "sha256:9f44a476241a81e6b3259d3f3f00aa0e94ed64a924131f83cb3b640ecdfcd633", size = 15368809, upload-time = "2025-07-03T17:35:17.906Z" },
]

[[package]]
name = "faker"
version = "37.5.3"
source = { registry = "https://pypi.org/simple" }
dependencies = [
    { name = "tzdata" },
]
sdist = { url = "https://files.pythonhosted.org/packages/ce/5d/7797a74e8e31fa227f0303239802c5f09b6722bdb6638359e7b6c8f30004/faker-37.5.3.tar.gz", hash = "sha256:8315d8ff4d6f4f588bd42ffe63abd599886c785073e26a44707e10eeba5713dc", size = 1907147, upload-time = "2025-07-30T15:52:19.528Z" }
wheels = [
    { url = "https://files.pythonhosted.org/packages/4b/bf/d06dd96e7afa72069dbdd26ed0853b5e8bd7941e2c0819a9b21d6e6fc052/faker-37.5.3-py3-none-any.whl", hash = "sha256:386fe9d5e6132a915984bf887fcebcc72d6366a25dd5952905b31b141a17016d", size = 1949261, upload-time = "2025-07-30T15:52:17.729Z" },
]

[[package]]
name = "flink-ecommerce"
version = "0.1.0"
source = { virtual = "." }
dependencies = [
    { name = "confluent-kafka" },
    { name = "faker" },
    { name = "simplejson" },
]

[package.metadata]
requires-dist = [
    { name = "confluent-kafka", specifier = ">=2.11.0" },
    { name = "faker", specifier = ">=37.5.3" },
    { name = "simplejson", specifier = ">=3.20.1" },
]

[[package]]
name = "simplejson"
version = "3.20.1"
source = { registry = "https://pypi.org/simple" }
sdist = { url = "https://files.pythonhosted.org/packages/af/92/51b417685abd96b31308b61b9acce7ec50d8e1de8fbc39a7fd4962c60689/simplejson-3.20.1.tar.gz", hash = "sha256:e64139b4ec4f1f24c142ff7dcafe55a22b811a74d86d66560c8815687143037d", size = 85591, upload-time = "2025-02-15T05:18:53.15Z" }
wheels = [
    { url = "https://files.pythonhosted.org/packages/25/c4/627214fb418cd4a17fb0230ff0b6c3bb4a85cbb48dd69c85dcc3b85df828/simplejson-3.20.1-cp310-cp310-macosx_10_9_universal2.whl", hash = "sha256:e580aa65d5f6c3bf41b9b4afe74be5d5ddba9576701c107c772d936ea2b5043a", size = 93790, upload-time = "2025-02-15T05:15:32.954Z" },
    { url = "https://files.pythonhosted.org/packages/15/ca/56a6a2a33cbcf330c4d71af3f827c47e4e0ba791e78f2642f3d1ab02ff31/simplejson-3.20.1-cp310-cp310-macosx_10_9_x86_64.whl", hash = "sha256:4a586ce4f78cec11f22fe55c5bee0f067e803aab9bad3441afe2181693b5ebb5", size = 75707, upload-time = "2025-02-15T05:15:34.954Z" },
    { url = "https://files.pythonhosted.org/packages/a9/c8/3d92b67e03a3b6207d97202669f9454ed700b35ade9bd4428265a078fb6c/simplejson-3.20.1-cp310-cp310-macosx_11_0_arm64.whl", hash = "sha256:74a1608f9e6e8c27a4008d70a54270868306d80ed48c9df7872f9f4b8ac87808", size = 75700, upload-time = "2025-02-15T05:15:37.144Z" },
    { url = "https://files.pythonhosted.org/packages/74/30/20001219d6fdca4aaa3974c96dfb6955a766b4e2cc950505a5b51fd050b0/simplejson-3.20.1-cp310-cp310-manylinux_2_17_aarch64.manylinux2014_aarch64.whl", hash = "sha256:03db8cb64154189a92a7786209f24e391644f3a3fa335658be2df2af1960b8d8", size = 138672, upload-time = "2025-02-15T05:15:38.547Z" },
    { url = "https://files.pythonhosted.org/packages/21/47/50157810876c2a7ebbd6e6346ec25eda841fe061fecaa02538a7742a3d2a/simplejson-3.20.1-cp310-cp310-manylinux_2_17_ppc64le.manylinux2014_ppc64le.whl", hash = "sha256:eea7e2b7d858f6fdfbf0fe3cb846d6bd8a45446865bc09960e51f3d473c2271b", size = 146616, upload-time = "2025-02-15T05:15:39.871Z" },
    { url = "https://files.pythonhosted.org/packages/95/60/8c97cdc93096437b0aca2745aca63c880fe2315fd7f6a6ce6edbb344a2ae/simplejson-3.20.1-cp310-cp310-manylinux_2_5_i686.manylinux1_i686.manylinux_2_17_i686.manylinux2014_i686.whl", hash = "sha256:e66712b17d8425bb7ff8968d4c7c7fd5a2dd7bd63728b28356223c000dd2f91f", size = 134344, upload-time = "2025-02-15T05:15:42.091Z" },
    { url = "https://files.pythonhosted.org/packages/bb/9e/da184f0e9bb3a5d7ffcde713bd41b4fe46cca56b6f24d9bd155fac56805a/simplejson-3.20.1-cp310-cp310-manylinux_2_5_x86_64.manylinux1_x86_64.manylinux_2_17_x86_64.manylinux2014_x86_64.whl", hash = "sha256:a2cc4f6486f9f515b62f5831ff1888886619b84fc837de68f26d919ba7bbdcbc", size = 138017, upload-time = "2025-02-15T05:15:43.542Z" },
    { url = "https://files.pythonhosted.org/packages/31/db/00d1a8d9b036db98f678c8a3c69ed17d2894d1768d7a00576e787ad3e546/simplejson-3.20.1-cp310-cp310-musllinux_1_2_aarch64.whl", hash = "sha256:a3c2df555ee4016148fa192e2b9cd9e60bc1d40769366134882685e90aee2a1e", size = 140118, upload-time = "2025-02-15T05:15:45.7Z" },
    { url = "https://files.pythonhosted.org/packages/52/21/57fc47eab8c1c73390b933a5ba9271f08e3e1ec83162c580357f28f5b97c/simplejson-3.20.1-cp310-cp310-musllinux_1_2_i686.whl", hash = "sha256:78520f04b7548a5e476b5396c0847e066f1e0a4c0c5e920da1ad65e95f410b11", size = 140314, upload-time = "2025-02-15T05:16:07.949Z" },
    { url = "https://files.pythonhosted.org/packages/ad/cc/7cfd78d1e0fa5e57350b98cfe77353b6dfa13dce21afa4060e1019223852/simplejson-3.20.1-cp310-cp310-musllinux_1_2_ppc64le.whl", hash = "sha256:f4bd49ecde87b0fe9f55cc971449a32832bca9910821f7072bbfae1155eaa007", size = 148544, upload-time = "2025-02-15T05:16:09.455Z" },
    { url = "https://files.pythonhosted.org/packages/63/26/1c894a1c2bd95dc8be0cf5a2fa73b0d173105b6ca18c90cb981ff10443d0/simplejson-3.20.1-cp310-cp310-musllinux_1_2_x86_64.whl", hash = "sha256:7eaae2b88eb5da53caaffdfa50e2e12022553949b88c0df4f9a9663609373f72", size = 141172, upload-time = "2025-02-15T05:16:10.966Z" },
    { url = "https://files.pythonhosted.org/packages/93/27/0717dccc10cd9988dbf1314def52ab32678a95a95328bb37cafacf499400/simplejson-3.20.1-cp310-cp310-win32.whl", hash = "sha256:e836fb88902799eac8debc2b642300748f4860a197fa3d9ea502112b6bb8e142", size = 74181, upload-time = "2025-02-15T05:16:12.361Z" },
    { url = "https://files.pythonhosted.org/packages/5f/af/593f896573f306519332d4287b1ab8b7b888c239bbd5159f7054d7055c2d/simplejson-3.20.1-cp310-cp310-win_amd64.whl", hash = "sha256:b122a19b552b212fc3b5b96fc5ce92333d4a9ac0a800803e1f17ebb16dac4be5", size = 75738, upload-time = "2025-02-15T05:16:14.438Z" },
    { url = "https://files.pythonhosted.org/packages/76/59/74bc90d1c051bc2432c96b34bd4e8036875ab58b4fcbe4d6a5a76985f853/simplejson-3.20.1-cp311-cp311-macosx_10_9_universal2.whl", hash = "sha256:325b8c107253d3217e89d7b50c71015b5b31e2433e6c5bf38967b2f80630a8ca", size = 92132, upload-time = "2025-02-15T05:16:15.743Z" },
    { url = "https://files.pythonhosted.org/packages/71/c7/1970916e0c51794fff89f76da2f632aaf0b259b87753c88a8c409623d3e1/simplejson-3.20.1-cp311-cp311-macosx_10_9_x86_64.whl", hash = "sha256:88a7baa8211089b9e58d78fbc1b0b322103f3f3d459ff16f03a36cece0d0fcf0", size = 74956, upload-time = "2025-02-15T05:16:17.062Z" },
    { url = "https://files.pythonhosted.org/packages/c8/0d/98cc5909180463f1d75fac7180de62d4cdb4e82c4fef276b9e591979372c/simplejson-3.20.1-cp311-cp311-macosx_11_0_arm64.whl", hash = "sha256:299b1007b8101d50d95bc0db1bf5c38dc372e85b504cf77f596462083ee77e3f", size = 74772, upload-time = "2025-02-15T05:16:19.204Z" },
    { url = "https://files.pythonhosted.org/packages/e1/94/a30a5211a90d67725a3e8fcc1c788189f2ae2ed2b96b63ed15d0b7f5d6bb/simplejson-3.20.1-cp311-cp311-manylinux_2_17_aarch64.manylinux2014_aarch64.whl", hash = "sha256:03ec618ed65caab48e81e3ed29586236a8e57daef792f1f3bb59504a7e98cd10", size = 143575, upload-time = "2025-02-15T05:16:21.337Z" },
    { url = "https://files.pythonhosted.org/packages/ee/08/cdb6821f1058eb5db46d252de69ff7e6c53f05f1bae6368fe20d5b51d37e/simplejson-3.20.1-cp311-cp311-manylinux_2_17_ppc64le.manylinux2014_ppc64le.whl", hash = "sha256:cd2cdead1d3197f0ff43373cf4730213420523ba48697743e135e26f3d179f38", size = 153241, upload-time = "2025-02-15T05:16:22.859Z" },
    { url = "https://files.pythonhosted.org/packages/4c/2d/ca3caeea0bdc5efc5503d5f57a2dfb56804898fb196dfada121323ee0ccb/simplejson-3.20.1-cp311-cp311-manylinux_2_5_i686.manylinux1_i686.manylinux_2_17_i686.manylinux2014_i686.whl", hash = "sha256:3466d2839fdc83e1af42e07b90bc8ff361c4e8796cd66722a40ba14e458faddd", size = 141500, upload-time = "2025-02-15T05:16:25.068Z" },
    { url = "https://files.pythonhosted.org/packages/e1/33/d3e0779d5c58245e7370c98eb969275af6b7a4a5aec3b97cbf85f09ad328/simplejson-3.20.1-cp311-cp311-manylinux_2_5_x86_64.manylinux1_x86_64.manylinux_2_17_x86_64.manylinux2014_x86_64.whl", hash = "sha256:d492ed8e92f3a9f9be829205f44b1d0a89af6582f0cf43e0d129fa477b93fe0c", size = 144757, upload-time = "2025-02-15T05:16:28.301Z" },
    { url = "https://files.pythonhosted.org/packages/54/53/2d93128bb55861b2fa36c5944f38da51a0bc6d83e513afc6f7838440dd15/simplejson-3.20.1-cp311-cp311-musllinux_1_2_aarch64.whl", hash = "sha256:f924b485537b640dc69434565463fd6fc0c68c65a8c6e01a823dd26c9983cf79", size = 144409, upload-time = "2025-02-15T05:16:29.687Z" },
    { url = "https://files.pythonhosted.org/packages/99/4c/dac310a98f897ad3435b4bdc836d92e78f09e38c5dbf28211ed21dc59fa2/simplejson-3.20.1-cp311-cp311-musllinux_1_2_i686.whl", hash = "sha256:9e8eacf6a3491bf76ea91a8d46726368a6be0eb94993f60b8583550baae9439e", size = 146082, upload-time = "2025-02-15T05:16:31.064Z" },
    { url = "https://files.pythonhosted.org/packages/ee/22/d7ba958cfed39827335b82656b1c46f89678faecda9a7677b47e87b48ee6/simplejson-3.20.1-cp311-cp311-musllinux_1_2_ppc64le.whl", hash = "sha256:d34d04bf90b4cea7c22d8b19091633908f14a096caa301b24c2f3d85b5068fb8", size = 154339, upload-time = "2025-02-15T05:16:32.719Z" },
    { url = "https://files.pythonhosted.org/packages/b8/c8/b072b741129406a7086a0799c6f5d13096231bf35fdd87a0cffa789687fc/simplejson-3.20.1-cp311-cp311-musllinux_1_2_x86_64.whl", hash = "sha256:69dd28d4ce38390ea4aaf212902712c0fd1093dc4c1ff67e09687c3c3e15a749", size = 147915, upload-time = "2025-02-15T05:16:34.291Z" },
    { url = "https://files.pythonhosted.org/packages/6c/46/8347e61e9cf3db5342a42f7fd30a81b4f5cf85977f916852d7674a540907/simplejson-3.20.1-cp311-cp311-win32.whl", hash = "sha256:dfe7a9da5fd2a3499436cd350f31539e0a6ded5da6b5b3d422df016444d65e43", size = 73972, upload-time = "2025-02-15T05:16:35.712Z" },
    { url = "https://files.pythonhosted.org/packages/01/85/b52f24859237b4e9d523d5655796d911ba3d46e242eb1959c45b6af5aedd/simplejson-3.20.1-cp311-cp311-win_amd64.whl", hash = "sha256:896a6c04d7861d507d800da7642479c3547060bf97419d9ef73d98ced8258766", size = 75595, upload-time = "2025-02-15T05:16:36.957Z" },
    { url = "https://files.pythonhosted.org/packages/8d/eb/34c16a1ac9ba265d024dc977ad84e1659d931c0a700967c3e59a98ed7514/simplejson-3.20.1-cp312-cp312-macosx_10_9_universal2.whl", hash = "sha256:f31c4a3a7ab18467ee73a27f3e59158255d1520f3aad74315edde7a940f1be23", size = 93100, upload-time = "2025-02-15T05:16:38.801Z" },
    { url = "https://files.pythonhosted.org/packages/41/fc/2c2c007d135894971e6814e7c0806936e5bade28f8db4dd7e2a58b50debd/simplejson-3.20.1-cp312-cp312-macosx_10_9_x86_64.whl", hash = "sha256:884e6183d16b725e113b83a6fc0230152ab6627d4d36cb05c89c2c5bccfa7bc6", size = 75464, upload-time = "2025-02-15T05:16:40.905Z" },
    { url = "https://files.pythonhosted.org/packages/0f/05/2b5ecb33b776c34bb5cace5de5d7669f9b60e3ca13c113037b2ca86edfbd/simplejson-3.20.1-cp312-cp312-macosx_11_0_arm64.whl", hash = "sha256:03d7a426e416fe0d3337115f04164cd9427eb4256e843a6b8751cacf70abc832", size = 75112, upload-time = "2025-02-15T05:16:42.246Z" },
    { url = "https://files.pythonhosted.org/packages/fe/36/1f3609a2792f06cd4b71030485f78e91eb09cfd57bebf3116bf2980a8bac/simplejson-3.20.1-cp312-cp312-manylinux_2_17_aarch64.manylinux2014_aarch64.whl", hash = "sha256:000602141d0bddfcff60ea6a6e97d5e10c9db6b17fd2d6c66199fa481b6214bb", size = 150182, upload-time = "2025-02-15T05:16:43.557Z" },
    { url = "https://files.pythonhosted.org/packages/2f/b0/053fbda38b8b602a77a4f7829def1b4f316cd8deb5440a6d3ee90790d2a4/simplejson-3.20.1-cp312-cp312-manylinux_2_17_ppc64le.manylinux2014_ppc64le.whl", hash = "sha256:af8377a8af78226e82e3a4349efdde59ffa421ae88be67e18cef915e4023a595", size = 158363, upload-time = "2025-02-15T05:16:45.748Z" },
    { url = "https://files.pythonhosted.org/packages/d1/4b/2eb84ae867539a80822e92f9be4a7200dffba609275faf99b24141839110/simplejson-3.20.1-cp312-cp312-manylinux_2_5_i686.manylinux1_i686.manylinux_2_17_i686.manylinux2014_i686.whl", hash = "sha256:15c7de4c88ab2fbcb8781a3b982ef883696736134e20b1210bca43fb42ff1acf", size = 148415, upload-time = "2025-02-15T05:16:47.861Z" },
    { url = "https://files.pythonhosted.org/packages/e0/bd/400b0bd372a5666addf2540c7358bfc3841b9ce5cdbc5cc4ad2f61627ad8/simplejson-3.20.1-cp312-cp312-manylinux_2_5_x86_64.manylinux1_x86_64.manylinux_2_17_x86_64.manylinux2014_x86_64.whl", hash = "sha256:455a882ff3f97d810709f7b620007d4e0aca8da71d06fc5c18ba11daf1c4df49", size = 152213, upload-time = "2025-02-15T05:16:49.25Z" },
    { url = "https://files.pythonhosted.org/packages/50/12/143f447bf6a827ee9472693768dc1a5eb96154f8feb140a88ce6973a3cfa/simplejson-3.20.1-cp312-cp312-musllinux_1_2_aarch64.whl", hash = "sha256:fc0f523ce923e7f38eb67804bc80e0a028c76d7868500aa3f59225574b5d0453", size = 150048, upload-time = "2025-02-15T05:16:51.5Z" },
    { url = "https://files.pythonhosted.org/packages/5e/ea/dd9b3e8e8ed710a66f24a22c16a907c9b539b6f5f45fd8586bd5c231444e/simplejson-3.20.1-cp312-cp312-musllinux_1_2_i686.whl", hash = "sha256:76461ec929282dde4a08061071a47281ad939d0202dc4e63cdd135844e162fbc", size = 151668, upload-time = "2025-02-15T05:16:53Z" },
    { url = "https://files.pythonhosted.org/packages/99/af/ee52a8045426a0c5b89d755a5a70cc821815ef3c333b56fbcad33c4435c0/simplejson-3.20.1-cp312-cp312-musllinux_1_2_ppc64le.whl", hash = "sha256:ab19c2da8c043607bde4d4ef3a6b633e668a7d2e3d56f40a476a74c5ea71949f", size = 158840, upload-time = "2025-02-15T05:16:54.851Z" },
    { url = "https://files.pythonhosted.org/packages/68/db/ab32869acea6b5de7d75fa0dac07a112ded795d41eaa7e66c7813b17be95/simplejson-3.20.1-cp312-cp312-musllinux_1_2_x86_64.whl", hash = "sha256:b2578bedaedf6294415197b267d4ef678fea336dd78ee2a6d2f4b028e9d07be3", size = 154212, upload-time = "2025-02-15T05:16:56.318Z" },
    { url = "https://files.pythonhosted.org/packages/fa/7a/e3132d454977d75a3bf9a6d541d730f76462ebf42a96fea2621498166f41/simplejson-3.20.1-cp312-cp312-win32.whl", hash = "sha256:339f407373325a36b7fd744b688ba5bae0666b5d340ec6d98aebc3014bf3d8ea", size = 74101, upload-time = "2025-02-15T05:16:57.746Z" },
    { url = "https://files.pythonhosted.org/packages/bc/5d/4e243e937fa3560107c69f6f7c2eed8589163f5ed14324e864871daa2dd9/simplejson-3.20.1-cp312-cp312-win_amd64.whl", hash = "sha256:627d4486a1ea7edf1f66bb044ace1ce6b4c1698acd1b05353c97ba4864ea2e17", size = 75736, upload-time = "2025-02-15T05:16:59.017Z" },
    { url = "https://files.pythonhosted.org/packages/c4/03/0f453a27877cb5a5fff16a975925f4119102cc8552f52536b9a98ef0431e/simplejson-3.20.1-cp313-cp313-macosx_10_13_universal2.whl", hash = "sha256:71e849e7ceb2178344998cbe5ade101f1b329460243c79c27fbfc51c0447a7c3", size = 93109, upload-time = "2025-02-15T05:17:00.377Z" },
    { url = "https://files.pythonhosted.org/packages/74/1f/a729f4026850cabeaff23e134646c3f455e86925d2533463420635ae54de/simplejson-3.20.1-cp313-cp313-macosx_10_13_x86_64.whl", hash = "sha256:b63fdbab29dc3868d6f009a59797cefaba315fd43cd32ddd998ee1da28e50e29", size = 75475, upload-time = "2025-02-15T05:17:02.544Z" },
    { url = "https://files.pythonhosted.org/packages/e2/14/50a2713fee8ff1f8d655b1a14f4a0f1c0c7246768a1b3b3d12964a4ed5aa/simplejson-3.20.1-cp313-cp313-macosx_11_0_arm64.whl", hash = "sha256:1190f9a3ce644fd50ec277ac4a98c0517f532cfebdcc4bd975c0979a9f05e1fb", size = 75112, upload-time = "2025-02-15T05:17:03.875Z" },
    { url = "https://files.pythonhosted.org/packages/45/86/ea9835abb646755140e2d482edc9bc1e91997ed19a59fd77ae4c6a0facea/simplejson-3.20.1-cp313-cp313-manylinux_2_17_aarch64.manylinux2014_aarch64.whl", hash = "sha256:c1336ba7bcb722ad487cd265701ff0583c0bb6de638364ca947bb84ecc0015d1", size = 150245, upload-time = "2025-02-15T05:17:06.899Z" },
    { url = "https://files.pythonhosted.org/packages/12/b4/53084809faede45da829fe571c65fbda8479d2a5b9c633f46b74124d56f5/simplejson-3.20.1-cp313-cp313-manylinux_2_17_ppc64le.manylinux2014_ppc64le.whl", hash = "sha256:e975aac6a5acd8b510eba58d5591e10a03e3d16c1cf8a8624ca177491f7230f0", size = 158465, upload-time = "2025-02-15T05:17:08.707Z" },
    { url = "https://files.pythonhosted.org/packages/a9/7d/d56579468d1660b3841e1f21c14490d103e33cf911886b22652d6e9683ec/simplejson-3.20.1-cp313-cp313-manylinux_2_5_i686.manylinux1_i686.manylinux_2_17_i686.manylinux2014_i686.whl", hash = "sha256:6a6dd11ee282937ad749da6f3b8d87952ad585b26e5edfa10da3ae2536c73078", size = 148514, upload-time = "2025-02-15T05:17:11.323Z" },
    { url = "https://files.pythonhosted.org/packages/19/e3/874b1cca3d3897b486d3afdccc475eb3a09815bf1015b01cf7fcb52a55f0/simplejson-3.20.1-cp313-cp313-manylinux_2_5_x86_64.manylinux1_x86_64.manylinux_2_17_x86_64.manylinux2014_x86_64.whl", hash = "sha256:ab980fcc446ab87ea0879edad41a5c28f2d86020014eb035cf5161e8de4474c6", size = 152262, upload-time = "2025-02-15T05:17:13.543Z" },
    { url = "https://files.pythonhosted.org/packages/32/84/f0fdb3625292d945c2bd13a814584603aebdb38cfbe5fe9be6b46fe598c4/simplejson-3.20.1-cp313-cp313-musllinux_1_2_aarch64.whl", hash = "sha256:f5aee2a4cb6b146bd17333ac623610f069f34e8f31d2f4f0c1a2186e50c594f0", size = 150164, upload-time = "2025-02-15T05:17:15.021Z" },
    { url = "https://files.pythonhosted.org/packages/95/51/6d625247224f01eaaeabace9aec75ac5603a42f8ebcce02c486fbda8b428/simplejson-3.20.1-cp313-cp313-musllinux_1_2_i686.whl", hash = "sha256:652d8eecbb9a3b6461b21ec7cf11fd0acbab144e45e600c817ecf18e4580b99e", size = 151795, upload-time = "2025-02-15T05:17:16.542Z" },
    { url = "https://files.pythonhosted.org/packages/7f/d9/bb921df6b35be8412f519e58e86d1060fddf3ad401b783e4862e0a74c4c1/simplejson-3.20.1-cp313-cp313-musllinux_1_2_ppc64le.whl", hash = "sha256:8c09948f1a486a89251ee3a67c9f8c969b379f6ffff1a6064b41fea3bce0a112", size = 159027, upload-time = "2025-02-15T05:17:18.083Z" },
    { url = "https://files.pythonhosted.org/packages/03/c5/5950605e4ad023a6621cf4c931b29fd3d2a9c1f36be937230bfc83d7271d/simplejson-3.20.1-cp313-cp313-musllinux_1_2_x86_64.whl", hash = "sha256:cbbd7b215ad4fc6f058b5dd4c26ee5c59f72e031dfda3ac183d7968a99e4ca3a", size = 154380, upload-time = "2025-02-15T05:17:20.334Z" },
    { url = "https://files.pythonhosted.org/packages/66/ad/b74149557c5ec1e4e4d55758bda426f5d2ec0123cd01a53ae63b8de51fa3/simplejson-3.20.1-cp313-cp313-win32.whl", hash = "sha256:ae81e482476eaa088ef9d0120ae5345de924f23962c0c1e20abbdff597631f87", size = 74102, upload-time = "2025-02-15T05:17:22.475Z" },
    { url = "https://files.pythonhosted.org/packages/db/a9/25282fdd24493e1022f30b7f5cdf804255c007218b2bfaa655bd7ad34b2d/simplejson-3.20.1-cp313-cp313-win_amd64.whl", hash = "sha256:1b9fd15853b90aec3b1739f4471efbf1ac05066a2c7041bf8db821bb73cd2ddc", size = 75736, upload-time = "2025-02-15T05:17:24.122Z" },
    { url = "https://files.pythonhosted.org/packages/4b/30/00f02a0a921556dd5a6db1ef2926a1bc7a8bbbfb1c49cfed68a275b8ab2b/simplejson-3.20.1-py3-none-any.whl", hash = "sha256:8a6c1bbac39fa4a79f83cbf1df6ccd8ff7069582a9fd8db1e52cea073bc2c697", size = 57121, upload-time = "2025-02-15T05:18:51.243Z" },
]

[[package]]
name = "tzdata"
version = "2025.2"
source = { registry = "https://pypi.org/simple" }
sdist = { url = "https://files.pythonhosted.org/packages/95/32/1a225d6164441be760d75c2c42e2780dc0873fe382da3e98a2e1e48361e5/tzdata-2025.2.tar.gz", hash = "sha256:b60a638fcc0daffadf82fe0f57e53d06bdec2f36c4df66280ae79bce6bd6f2b9", size = 196380, upload-time = "2025-03-23T13:54:43.652Z" }
wheels = [
    { url = "https://files.pythonhosted.org/packages/5c/23/c7abc0ca0a1526a0774eca151daeb8de62ec457e77262b66b359c3c7679e/tzdata-2025.2-py2.py3-none-any.whl", hash = "sha256:1a403fada01ff9221ca8044d701868fa132215d84beb92242d9acd2147f667a8", size = 347839, upload-time = "2025-03-23T13:54:41.845Z" },
]
