version = 1
revision = 2
requires-python = ">=3.10"

[[package]]
name = "cassandra-driver"
version = "3.29.2"
source = { registry = "https://pypi.org/simple" }
dependencies = [
    { name = "geomet" },
]
sdist = { url = "https://files.pythonhosted.org/packages/b2/6f/d25121afaa2ea0741d05d2e9921a7ca9b4ce71634b16a8aaee21bd7af818/cassandra-driver-3.29.2.tar.gz", hash = "sha256:c4310a7d0457f51a63fb019d8ef501588c491141362b53097fbc62fa06559b7c", size = 293752, upload-time = "2024-09-10T02:20:46.689Z" }
wheels = [
    { url = "https://files.pythonhosted.org/packages/54/b4/d5da6b2e82abc8b1d9f93bbc633441a51098bb183aaf2c0481162e17fffe/cassandra_driver-3.29.2-cp310-cp310-macosx_10_9_x86_64.whl", hash = "sha256:957208093ff2353230d0d83edf8c8e8582e4f2999d9a33292be6558fec943562", size = 363775, upload-time = "2024-09-10T02:19:21.978Z" },
    { url = "https://files.pythonhosted.org/packages/f4/6d/366346a652f8523c26307846ec5c59e93fdfeee28e67078d68a07fcb2da2/cassandra_driver-3.29.2-cp310-cp310-macosx_11_0_arm64.whl", hash = "sha256:d70353b6d9d6e01e2b261efccfe90ce0aa6f416588e6e626ca2ed0aff6b540cf", size = 364096, upload-time = "2024-09-10T02:19:24.089Z" },
    { url = "https://files.pythonhosted.org/packages/cc/60/f8de88175937481be98da88eb88b4fd704093e284e5907775293c496df32/cassandra_driver-3.29.2-cp310-cp310-manylinux_2_17_aarch64.manylinux2014_aarch64.whl", hash = "sha256:06ad489e4df2cc7f41d3aca8bd8ddeb8071c4fb98240ed07f1dcd9b5180fd879", size = 3660567, upload-time = "2024-09-10T02:19:27.874Z" },
    { url = "https://files.pythonhosted.org/packages/3b/3a/354db5ac8349ba5dd9827f43c2436221387368f48db50b030ded8cdf91ea/cassandra_driver-3.29.2-cp310-cp310-manylinux_2_17_x86_64.manylinux2014_x86_64.whl", hash = "sha256:e7f1dfa33c3d93350057d6dc163bb92748b6e6a164c408c75cf2c59be0a203b7", size = 3948499, upload-time = "2024-09-10T02:19:35.503Z" },
    { url = "https://files.pythonhosted.org/packages/a5/bd/7c62675d722f99097934675468636fdabd42b1e418e9fc567562ee2142d7/cassandra_driver-3.29.2-cp310-cp310-win32.whl", hash = "sha256:f9df1e6ae4201eb2eae899cb0649d46b3eb0843f075199b51360bc9d59679a31", size = 340917, upload-time = "2024-09-10T02:19:37.652Z" },
    { url = "https://files.pythonhosted.org/packages/18/fa/9c73f0d416167097db871dd46e09a327a138b264774e3dbed5159a8ebdd2/cassandra_driver-3.29.2-cp310-cp310-win_amd64.whl", hash = "sha256:c4a005bc0b4fd8b5716ad931e1cc788dbd45967b0bcbdc3dfde33c7f9fde40d4", size = 348622, upload-time = "2024-09-10T02:19:39.913Z" },
    { url = "https://files.pythonhosted.org/packages/d8/aa/d332d2e10585772e9a4703d524fc818613e7301527a1534f22022b02e9ab/cassandra_driver-3.29.2-cp311-cp311-macosx_10_9_x86_64.whl", hash = "sha256:e31cee01a6fc8cf7f32e443fa0031bdc75eed46126831b7a807ab167b4dc1316", size = 363772, upload-time = "2024-09-10T02:19:41.916Z" },
    { url = "https://files.pythonhosted.org/packages/f8/26/adc5beac60c373733569868ee1843691fae5d9d8cd07a4907e7c4a55bdaa/cassandra_driver-3.29.2-cp311-cp311-macosx_11_0_arm64.whl", hash = "sha256:52edc6d4bd7d07b10dc08b7f044dbc2ebe24ad7009c23a65e0916faed1a34065", size = 364100, upload-time = "2024-09-10T02:19:43.412Z" },
    { url = "https://files.pythonhosted.org/packages/dc/9b/af6cc4ba2cd56773e9f47ee93c2afca374c4a6ee62eaf6890ae65176cd16/cassandra_driver-3.29.2-cp311-cp311-manylinux_2_17_aarch64.manylinux2014_aarch64.whl", hash = "sha256:eb3a9f24fc84324d426a69dc35df66de550833072a4d9a4d63d72fda8fcaecb9", size = 3643143, upload-time = "2024-09-10T02:19:47.932Z" },
    { url = "https://files.pythonhosted.org/packages/fd/03/85a1bcfb463896c5391b9b3315f7d9536b0402afdcab78c793911765c99b/cassandra_driver-3.29.2-cp311-cp311-manylinux_2_17_x86_64.manylinux2014_x86_64.whl", hash = "sha256:1e89de04809d02bb1d5d03c0946a7baaaf85e93d7e6414885b4ea2616efe9de0", size = 3920657, upload-time = "2024-09-10T02:19:52.524Z" },
    { url = "https://files.pythonhosted.org/packages/17/3f/480af48ce578970b97878990ac3a44d07e185ddb04057660f54f393fea05/cassandra_driver-3.29.2-cp311-cp311-win32.whl", hash = "sha256:7104e5043e9cc98136d7fafe2418cbc448dacb4e1866fe38ff5be76f227437ef", size = 340920, upload-time = "2024-09-10T02:19:54.623Z" },
    { url = "https://files.pythonhosted.org/packages/86/57/63654b85a2e4fa3af6afa8e883fdad658cba9d7565d098ac281a358abf8c/cassandra_driver-3.29.2-cp311-cp311-win_amd64.whl", hash = "sha256:69aa53f1bdb23487765faa92eef57366637878eafc412f46af999e722353b22f", size = 348625, upload-time = "2024-09-10T02:19:56.164Z" },
    { url = "https://files.pythonhosted.org/packages/4d/8f/dae609997c9f91bd4d7885c528a0aa9263963bbb2af5cb32483e1feb1d70/cassandra_driver-3.29.2-cp312-cp312-macosx_10_9_x86_64.whl", hash = "sha256:a1e994a82b2e6ab022c5aec24e03ad49fca5f3d47e566a145de34eb0e768473a", size = 363852, upload-time = "2024-09-10T02:19:57.646Z" },
    { url = "https://files.pythonhosted.org/packages/a0/a8/eee54de5b4dacf23a619b6e4fa9baa1e0e989ee5afa55ac86994640c3d4a/cassandra_driver-3.29.2-cp312-cp312-macosx_11_0_arm64.whl", hash = "sha256:2039201ae5d9b7c7ce0930af7138d2637ca16a4c7aaae2fbdd4355fbaf3003c5", size = 364053, upload-time = "2024-09-10T02:19:59.049Z" },
    { url = "https://files.pythonhosted.org/packages/7b/49/fe8e3a317082cf6372da88648083ce0d6c12066c8e6db8f229c771771a71/cassandra_driver-3.29.2-cp312-cp312-manylinux_2_17_aarch64.manylinux2014_aarch64.whl", hash = "sha256:8067fad22e76e250c3846507d804f90b53e943bba442fa1b26583bcac692aaf1", size = 3318096, upload-time = "2024-09-10T02:20:02.698Z" },
    { url = "https://files.pythonhosted.org/packages/fb/01/703dd0bdfe694fa320863e70472c0adda25fbccb2bcb92076e9773ad96cd/cassandra_driver-3.29.2-cp312-cp312-manylinux_2_17_x86_64.manylinux2014_x86_64.whl", hash = "sha256:ee0ebe8eb4fb007d8001ffcd1c3828b74defeb01075d8a1f1116ae9c60f75541", size = 3597748, upload-time = "2024-09-10T02:20:06.738Z" },
    { url = "https://files.pythonhosted.org/packages/d3/b7/723d67d84016bf913b59826f43dd9288cf8593a514c0f9650d703748a369/cassandra_driver-3.29.2-cp312-cp312-win32.whl", hash = "sha256:83dc9399cdabe482fd3095ca54ec227212d8c491b563a7276f6c100e30ee856c", size = 340921, upload-time = "2024-09-10T02:20:08.7Z" },
    { url = "https://files.pythonhosted.org/packages/4d/49/89dcb4f4522b5c72fbd7216cae6e23bf26586728be13fb13685ea4ee1149/cassandra_driver-3.29.2-cp312-cp312-win_amd64.whl", hash = "sha256:6c74610f56a4c53863a5d44a2af9c6c3405da19d51966fabd85d7f927d5c6abc", size = 348681, upload-time = "2024-09-10T02:20:10.747Z" },
]

[[package]]
name = "click"
version = "8.2.1"
source = { registry = "https://pypi.org/simple" }
dependencies = [
    { name = "colorama", marker = "sys_platform == 'win32'" },
]
sdist = { url = "https://files.pythonhosted.org/packages/60/6c/8ca2efa64cf75a977a0d7fac081354553ebe483345c734fb6b6515d96bbc/click-8.2.1.tar.gz", hash = "sha256:27c491cc05d968d271d5a1db13e3b5a184636d9d930f148c50b038f0d0646202", size = 286342, upload-time = "2025-05-20T23:19:49.832Z" }
wheels = [
    { url = "https://files.pythonhosted.org/packages/85/32/10bb5764d90a8eee674e9dc6f4db6a0ab47c8c4d0d83c27f7c39ac415a4d/click-8.2.1-py3-none-any.whl", hash = "sha256:61a3265b914e850b85317d0b3109c7f8cd35a670f963866005d6ef1d5175a12b", size = 102215, upload-time = "2025-05-20T23:19:47.796Z" },
]

[[package]]
name = "colorama"
version = "0.4.6"
source = { registry = "https://pypi.org/simple" }
sdist = { url = "https://files.pythonhosted.org/packages/d8/53/6f443c9a4a8358a93a6792e2acffb9d9d5cb0a5cfd8802644b7b1c9a02e4/colorama-0.4.6.tar.gz", hash = "sha256:08695f5cb7ed6e0531a20572697297273c47b8cae5a63ffc6d6ed5c201be6e44", size = 27697, upload-time = "2022-10-25T02:36:22.414Z" }
wheels = [
    { url = "https://files.pythonhosted.org/packages/d1/d6/3965ed04c63042e047cb6a3e6ed1a63a35087b6a609aa3a15ed8ac56c221/colorama-0.4.6-py2.py3-none-any.whl", hash = "sha256:4f1d9991f5acc0ca119f9d443620b77f9d6b33703e51011c16baf57afb285fc6", size = 25335, upload-time = "2022-10-25T02:36:20.889Z" },
]

[[package]]
name = "geomet"
version = "0.2.1.post1"
source = { registry = "https://pypi.org/simple" }
dependencies = [
    { name = "click" },
    { name = "six" },
]
sdist = { url = "https://files.pythonhosted.org/packages/cf/21/58251b3de99e0b5ba649ff511f7f9e8399c3059dd52a643774106e929afa/geomet-0.2.1.post1.tar.gz", hash = "sha256:91d754f7c298cbfcabd3befdb69c641c27fe75e808b27aa55028605761d17e95", size = 19728, upload-time = "2020-01-12T00:07:21.832Z" }
wheels = [
    { url = "https://files.pythonhosted.org/packages/c9/81/156ca48f950f833ddc392f8e3677ca50a18cb9d5db38ccb4ecea55a9303f/geomet-0.2.1.post1-py3-none-any.whl", hash = "sha256:a41a1e336b381416d6cbed7f1745c848e91defaa4d4c1bdc1312732e46ffad2b", size = 18462, upload-time = "2020-01-12T00:07:18.431Z" },
]

[[package]]
name = "kafka-python"
version = "2.2.15"
source = { registry = "https://pypi.org/simple" }
sdist = { url = "https://files.pythonhosted.org/packages/da/67/1434436f3cb409443f72a4843b877ac2d9bf586a31a0e966cf1dc4dc9a94/kafka_python-2.2.15.tar.gz", hash = "sha256:e0f480a45f3814cb0eb705b8b4f61069e1be61dae0d8c69d0f1f2da33eea1bd5", size = 347870, upload-time = "2025-07-01T17:37:53.686Z" }
wheels = [
    { url = "https://files.pythonhosted.org/packages/e6/35/e8bfed5425e8fe685bd03ec3f5135ee8b88c11558baa59c0d12fbd2a20ae/kafka_python-2.2.15-py2.py3-none-any.whl", hash = "sha256:84c0993cd4f7f2f01e92d8104ea9bdf631aff72fc5e6ea62eb3bdf1d56528fc3", size = 309751, upload-time = "2025-07-01T17:37:51.87Z" },
]

[[package]]
name = "py4j"
version = "0.10.9.9"
source = { registry = "https://pypi.org/simple" }
sdist = { url = "https://files.pythonhosted.org/packages/38/31/0b210511177070c8d5d3059556194352e5753602fa64b85b7ab81ec1a009/py4j-0.10.9.9.tar.gz", hash = "sha256:f694cad19efa5bd1dee4f3e5270eb406613c974394035e5bfc4ec1aba870b879", size = 761089, upload-time = "2025-01-15T03:53:18.624Z" }
wheels = [
    { url = "https://files.pythonhosted.org/packages/bd/db/ea0203e495be491c85af87b66e37acfd3bf756fd985f87e46fc5e3bf022c/py4j-0.10.9.9-py2.py3-none-any.whl", hash = "sha256:c7c26e4158defb37b0bb124933163641a2ff6e3a3913f7811b0ddbe07ed61533", size = 203008, upload-time = "2025-01-15T03:53:15.648Z" },
]

[[package]]
name = "pyspark"
version = "4.0.0"
source = { registry = "https://pypi.org/simple" }
dependencies = [
    { name = "py4j" },
]
sdist = { url = "https://files.pythonhosted.org/packages/9d/0e/5b38d51f1b1c2618cccfbf35093268665af9a3bdb493e5a3ecd991def633/pyspark-4.0.0.tar.gz", hash = "sha256:38db1b4f6095a080d7605e578d775528990e66dc326311d93e94a71cfc24e5a5", size = 434132212, upload-time = "2025-05-23T03:29:33.916Z" }

[[package]]
name = "six"
version = "1.17.0"
source = { registry = "https://pypi.org/simple" }
sdist = { url = "https://files.pythonhosted.org/packages/94/e7/b2c673351809dca68a0e064b6af791aa332cf192da575fd474ed7d6f16a2/six-1.17.0.tar.gz", hash = "sha256:ff70335d468e7eb6ec65b95b99d3a2836546063f63acc5171de367e834932a81", size = 34031, upload-time = "2024-12-04T17:35:28.174Z" }
wheels = [
    { url = "https://files.pythonhosted.org/packages/b7/ce/149a00dd41f10bc29e5921b496af8b574d8413afcd5e30dfa0ed46c2cc5e/six-1.17.0-py2.py3-none-any.whl", hash = "sha256:4721f391ed90541fddacab5acf947aa0d3dc7d27b2e1e8eda2be8970586c3274", size = 11050, upload-time = "2024-12-04T17:35:26.475Z" },
]

[[package]]
name = "spark-job"
version = "0.1.0"
source = { virtual = "." }
dependencies = [
    { name = "cassandra-driver" },
    { name = "kafka-python" },
    { name = "pyspark" },
]

[package.metadata]
requires-dist = [
    { name = "cassandra-driver", specifier = ">=3.29.2" },
    { name = "kafka-python", specifier = ">=2.2.15" },
    { name = "pyspark", specifier = ">=4.0.0" },
]
